
Microsoft Visual Studio Solution File, Format Version 12.00
# Visual Studio Version 18
VisualStudioVersion = 18.0.11217.181
MinimumVisualStudioVersion = 10.0.40219.1
Project("{FAE04EC0-301F-11D3-BF4B-00C04F79EFBC}") = "ATSUI", "ATSUI\ATSUI.csproj", "{01433AB1-7659-44D9-A9F9-7B42CC2E8868}"
EndProject
Project("{FAE04EC0-301F-11D3-BF4B-00C04F79EFBC}") = "ZhongWangSheBei", "ZhongWangSheBei\ZhongWangSheBei.csproj", "{91C0B84C-5AB0-4D61-A079-97E9B8E947FB}"
EndProject
Project("{FAE04EC0-301F-11D3-BF4B-00C04F79EFBC}") = "ATSJianMianJK", "ATSJianMianJK\ATSJianMianJK.csproj", "{345FB1EB-F8F2-41E7-9A92-F3E99B233637}"
EndProject
Project("{FAE04EC0-301F-11D3-BF4B-00C04F79EFBC}") = "KuHuDuanDoIP", "KuHuDuanDoIP\KuHuDuanDoIP.csproj", "{0AC9E857-CBD3-41A8-9A92-067C5F77453C}"
EndProject
Project("{FAE04EC0-301F-11D3-BF4B-00C04F79EFBC}") = "ViSAKu", "ViSAKu\ViSAKu.csproj", "{C9D7DFA7-A8E3-429C-9359-4FF00D6E55FF}"
EndProject
Project("{FAE04EC0-301F-11D3-BF4B-00C04F79EFBC}") = "ViSaJiChu", "ViSaJiChu\ViSaJiChu.csproj", "{F2F102F1-9754-4F6B-9325-6E7A468A0CBA}"
EndProject
Project("{FAE04EC0-301F-11D3-BF4B-00C04F79EFBC}") = "LeiSaiDMC", "LeiSaiDMC\LeiSaiDMC.csproj", "{1990480F-A681-4F7B-A825-4F1D11762172}"
EndProject
Project("{FAE04EC0-301F-11D3-BF4B-00C04F79EFBC}") = "ModBuTCP", "ModBuTCP\ModBuTCP.csproj", "{E3661B3A-B901-41F7-9321-03FDAB4BBDDB}"
EndProject
Project("{FAE04EC0-301F-11D3-BF4B-00C04F79EFBC}") = "ModBusRTU", "ModBuRTU\ModBusRTU.csproj", "{26E6357D-31F4-43D0-855B-703BE38D5CEE}"
EndProject
Project("{FAE04EC0-301F-11D3-BF4B-00C04F79EFBC}") = "DBPLCS7", "DBPLCS7\DBPLCS7.csproj", "{1256E9D5-10F8-4B26-A47B-AE8C8F51CB7A}"
EndProject
Project("{FAE04EC0-301F-11D3-BF4B-00C04F79EFBC}") = "YiBanSaoMaQi", "YiBanSaoMaQi\YiBanSaoMaQi.csproj", "{8408979B-0091-4FB9-8EED-9E1A715EFC3F}"
EndProject
Project("{FAE04EC0-301F-11D3-BF4B-00C04F79EFBC}") = "YiBanDuXiQi", "YiBanDuXiQi\YiBanDuXiQi.csproj", "{DD7A927C-0A46-4DDA-8EFE-F94566B01514}"
EndProject
Project("{FAE04EC0-301F-11D3-BF4B-00C04F79EFBC}") = "MeiGeXinLei", "MeiGeXinLei\MeiGeXinLei.csproj", "{B3400476-643D-4D8F-B46B-DB653218BA94}"
EndProject
Project("{FAE04EC0-301F-11D3-BF4B-00C04F79EFBC}") = "PCAN", "PCAN\PCAN.csproj", "{A30AB88C-7831-4BF0-825E-C703AC1F7D84}"
EndProject
Project("{FAE04EC0-301F-11D3-BF4B-00C04F79EFBC}") = "XinBoTaiKeTXLei", "XinBoTaiKeTXLei\XinBoTaiKeTXLei.csproj", "{A6063123-7216-4793-B038-83F2D6878140}"
EndProject
Project("{FAE04EC0-301F-11D3-BF4B-00C04F79EFBC}") = "TuMoSiLin", "YiBanLin\YiBanLin\TuMoSiLin.csproj", "{8E9EB3C0-96A0-4292-9BED-C9A064A1EA69}"
EndProject
Project("{FAE04EC0-301F-11D3-BF4B-00C04F79EFBC}") = "PingIP", "PingLei\PingIP.csproj", "{BCCBCDC5-600F-49E2-A0BB-773ADCD9412D}"
EndProject
Project("{FAE04EC0-301F-11D3-BF4B-00C04F79EFBC}") = "ZLGXSCAN", "ZLGCAN\ZLGXSCAN.csproj", "{D33F50A7-E209-48BA-B2BD-54ED47A55935}"
EndProject
Project("{FAE04EC0-301F-11D3-BF4B-00C04F79EFBC}") = "SuanShuSheBei", "SuanShuSheBei\SuanShuSheBei.csproj", "{7DDBC5B1-C0FA-44AF-8D5E-E6C658253D6C}"
EndProject
Project("{FAE04EC0-301F-11D3-BF4B-00C04F79EFBC}") = "ZhongChuanAVLei", "ZhongChuanAVLei\ZhongChuanAVLei.csproj", "{BCA28A9E-00F5-47DD-8C20-0FD749067D4C}"
EndProject
Project("{FAE04EC0-301F-11D3-BF4B-00C04F79EFBC}") = "TongMenETM300Lei", "TongLeETM300Lei\TongMenETM300Lei.csproj", "{107A6954-EC16-41C6-8107-98A58E56FD77}"
EndProject
Project("{FAE04EC0-301F-11D3-BF4B-00C04F79EFBC}") = "ATSTestModelUI", "ATSZuZhuangUI\ATSTestModelUI.csproj", "{7DE9B9A5-9A6B-4F8E-BBB3-33E5BF0072F3}"
EndProject
Project("{FAE04EC0-301F-11D3-BF4B-00C04F79EFBC}") = "TongYangChuanKouSheBei", "TongYangChuanKouSheBei\TongYangChuanKouSheBei.csproj", "{832620CF-CD90-43EC-9635-3718F276DC35}"
EndProject
Project("{FAE04EC0-301F-11D3-BF4B-00C04F79EFBC}") = "YiBanDuXiePeiZhi", "YiBanDuXiePeiZhi\YiBanDuXiePeiZhi.csproj", "{A664F459-EE8D-480D-85BC-9A4C51EBA362}"
EndProject
Project("{FAE04EC0-301F-11D3-BF4B-00C04F79EFBC}") = "HuiChuanKongZhiKa", "HuiChuanKongZhiKa\HuiChuanKongZhiKa.csproj", "{15F947F8-A0CA-4E92-9180-4FE2F74DA3C9}"
EndProject
Project("{FAE04EC0-301F-11D3-BF4B-00C04F79EFBC}") = "SanLinPLCMC2", "SanLinPLCMC2\SanLinPLCMC2.csproj", "{B779C26B-6813-4EF8-91C6-60877FAFFB53}"
EndProject
Project("{FAE04EC0-301F-11D3-BF4B-00C04F79EFBC}") = "CheLianShiJue", "CheLianShiJue\CheLianShiJue.csproj", "{A28B3F07-B431-4406-8DB4-E8AD550CBEF4}"
EndProject
Project("{FAE04EC0-301F-11D3-BF4B-00C04F79EFBC}") = "CheLianMes", "CheLianMes\CheLianMes.csproj", "{4A9F37EC-E9E5-499F-929E-1162B14B8E3B}"
EndProject
Project("{FAE04EC0-301F-11D3-BF4B-00C04F79EFBC}") = "CA410SeCaiFenXiLei", "CA410SeCaiFenXiLei\CA410SeCaiFenXiLei.csproj", "{D2B87D30-572C-426F-BA90-8E1D947F4451}"
EndProject
Project("{FAE04EC0-301F-11D3-BF4B-00C04F79EFBC}") = "CaiJiKaYinPingFenXiLei", "CaiJiKaYinPingFenXiLei\CaiJiKaYinPingFenXiLei.csproj", "{16830A5F-1F23-480F-95FE-ECEAC9118AF9}"
EndProject
Project("{FAE04EC0-301F-11D3-BF4B-00C04F79EFBC}") = "FoShanSaoMaKeHuFuDuanLei", "SaoMaKeHuFuDuanLei\FoShanSaoMaKeHuFuDuanLei.csproj", "{B0586123-AEBA-4027-BBD9-102E302D5DB6}"
EndProject
Project("{FAE04EC0-301F-11D3-BF4B-00C04F79EFBC}") = "ModBuFuWuQi", "ModBuFuWuQi\ModBuFuWuQi.csproj", "{E396EBBB-BC74-4274-A81F-E397DC39ADD4}"
EndProject
Project("{FAE04EC0-301F-11D3-BF4B-00C04F79EFBC}") = "TCPFuWuQi", "TCPFuWuQi\TCPFuWuQi.csproj", "{C3C9D966-6935-4C3A-B536-9CA479EFF4D2}"
EndProject
Project("{2150E333-8FDC-42A3-9474-1A3956D46DE8}") = "类库", "类库", "{60D738F0-705D-4AF7-B54C-CBF6C11A25A1}"
EndProject
Project("{2150E333-8FDC-42A3-9474-1A3956D46DE8}") = "UI", "UI", "{E8EE60DE-EF83-4375-A33E-059A7BCD7796}"
EndProject
Project("{2150E333-8FDC-42A3-9474-1A3956D46DE8}") = "设备", "设备", "{A12738BA-29B6-490A-8691-0D9AE0C163E7}"
EndProject
Global
	GlobalSection(SolutionConfigurationPlatforms) = preSolution
		Debug|Any CPU = Debug|Any CPU
		Release|Any CPU = Release|Any CPU
	EndGlobalSection
	GlobalSection(ProjectConfigurationPlatforms) = postSolution
		{01433AB1-7659-44D9-A9F9-7B42CC2E8868}.Debug|Any CPU.ActiveCfg = Debug|Any CPU
		{01433AB1-7659-44D9-A9F9-7B42CC2E8868}.Debug|Any CPU.Build.0 = Debug|Any CPU
		{01433AB1-7659-44D9-A9F9-7B42CC2E8868}.Release|Any CPU.ActiveCfg = Release|Any CPU
		{01433AB1-7659-44D9-A9F9-7B42CC2E8868}.Release|Any CPU.Build.0 = Release|Any CPU
		{91C0B84C-5AB0-4D61-A079-97E9B8E947FB}.Debug|Any CPU.ActiveCfg = Debug|Any CPU
		{91C0B84C-5AB0-4D61-A079-97E9B8E947FB}.Debug|Any CPU.Build.0 = Debug|Any CPU
		{91C0B84C-5AB0-4D61-A079-97E9B8E947FB}.Release|Any CPU.ActiveCfg = Release|Any CPU
		{91C0B84C-5AB0-4D61-A079-97E9B8E947FB}.Release|Any CPU.Build.0 = Release|Any CPU
		{345FB1EB-F8F2-41E7-9A92-F3E99B233637}.Debug|Any CPU.ActiveCfg = Debug|Any CPU
		{345FB1EB-F8F2-41E7-9A92-F3E99B233637}.Debug|Any CPU.Build.0 = Debug|Any CPU
		{345FB1EB-F8F2-41E7-9A92-F3E99B233637}.Release|Any CPU.ActiveCfg = Release|Any CPU
		{345FB1EB-F8F2-41E7-9A92-F3E99B233637}.Release|Any CPU.Build.0 = Release|Any CPU
		{0AC9E857-CBD3-41A8-9A92-067C5F77453C}.Debug|Any CPU.ActiveCfg = Debug|Any CPU
		{0AC9E857-CBD3-41A8-9A92-067C5F77453C}.Debug|Any CPU.Build.0 = Debug|Any CPU
		{0AC9E857-CBD3-41A8-9A92-067C5F77453C}.Release|Any CPU.ActiveCfg = Release|Any CPU
		{0AC9E857-CBD3-41A8-9A92-067C5F77453C}.Release|Any CPU.Build.0 = Release|Any CPU
		{C9D7DFA7-A8E3-429C-9359-4FF00D6E55FF}.Debug|Any CPU.ActiveCfg = Debug|Any CPU
		{C9D7DFA7-A8E3-429C-9359-4FF00D6E55FF}.Debug|Any CPU.Build.0 = Debug|Any CPU
		{C9D7DFA7-A8E3-429C-9359-4FF00D6E55FF}.Release|Any CPU.ActiveCfg = Release|Any CPU
		{C9D7DFA7-A8E3-429C-9359-4FF00D6E55FF}.Release|Any CPU.Build.0 = Release|Any CPU
		{F2F102F1-9754-4F6B-9325-6E7A468A0CBA}.Debug|Any CPU.ActiveCfg = Debug|Any CPU
		{F2F102F1-9754-4F6B-9325-6E7A468A0CBA}.Debug|Any CPU.Build.0 = Debug|Any CPU
		{F2F102F1-9754-4F6B-9325-6E7A468A0CBA}.Release|Any CPU.ActiveCfg = Release|Any CPU
		{F2F102F1-9754-4F6B-9325-6E7A468A0CBA}.Release|Any CPU.Build.0 = Release|Any CPU
		{1990480F-A681-4F7B-A825-4F1D11762172}.Debug|Any CPU.ActiveCfg = Debug|Any CPU
		{1990480F-A681-4F7B-A825-4F1D11762172}.Debug|Any CPU.Build.0 = Debug|Any CPU
		{1990480F-A681-4F7B-A825-4F1D11762172}.Release|Any CPU.ActiveCfg = Release|Any CPU
		{1990480F-A681-4F7B-A825-4F1D11762172}.Release|Any CPU.Build.0 = Release|Any CPU
		{E3661B3A-B901-41F7-9321-03FDAB4BBDDB}.Debug|Any CPU.ActiveCfg = Debug|Any CPU
		{E3661B3A-B901-41F7-9321-03FDAB4BBDDB}.Debug|Any CPU.Build.0 = Debug|Any CPU
		{E3661B3A-B901-41F7-9321-03FDAB4BBDDB}.Release|Any CPU.ActiveCfg = Release|Any CPU
		{E3661B3A-B901-41F7-9321-03FDAB4BBDDB}.Release|Any CPU.Build.0 = Release|Any CPU
		{26E6357D-31F4-43D0-855B-703BE38D5CEE}.Debug|Any CPU.ActiveCfg = Debug|Any CPU
		{26E6357D-31F4-43D0-855B-703BE38D5CEE}.Debug|Any CPU.Build.0 = Debug|Any CPU
		{26E6357D-31F4-43D0-855B-703BE38D5CEE}.Release|Any CPU.ActiveCfg = Release|Any CPU
		{26E6357D-31F4-43D0-855B-703BE38D5CEE}.Release|Any CPU.Build.0 = Release|Any CPU
		{1256E9D5-10F8-4B26-A47B-AE8C8F51CB7A}.Debug|Any CPU.ActiveCfg = Debug|Any CPU
		{1256E9D5-10F8-4B26-A47B-AE8C8F51CB7A}.Debug|Any CPU.Build.0 = Debug|Any CPU
		{1256E9D5-10F8-4B26-A47B-AE8C8F51CB7A}.Release|Any CPU.ActiveCfg = Release|Any CPU
		{1256E9D5-10F8-4B26-A47B-AE8C8F51CB7A}.Release|Any CPU.Build.0 = Release|Any CPU
		{8408979B-0091-4FB9-8EED-9E1A715EFC3F}.Debug|Any CPU.ActiveCfg = Debug|Any CPU
		{8408979B-0091-4FB9-8EED-9E1A715EFC3F}.Debug|Any CPU.Build.0 = Debug|Any CPU
		{8408979B-0091-4FB9-8EED-9E1A715EFC3F}.Release|Any CPU.ActiveCfg = Release|Any CPU
		{8408979B-0091-4FB9-8EED-9E1A715EFC3F}.Release|Any CPU.Build.0 = Release|Any CPU
		{DD7A927C-0A46-4DDA-8EFE-F94566B01514}.Debug|Any CPU.ActiveCfg = Debug|Any CPU
		{DD7A927C-0A46-4DDA-8EFE-F94566B01514}.Debug|Any CPU.Build.0 = Debug|Any CPU
		{DD7A927C-0A46-4DDA-8EFE-F94566B01514}.Release|Any CPU.ActiveCfg = Release|Any CPU
		{DD7A927C-0A46-4DDA-8EFE-F94566B01514}.Release|Any CPU.Build.0 = Release|Any CPU
		{B3400476-643D-4D8F-B46B-DB653218BA94}.Debug|Any CPU.ActiveCfg = Debug|Any CPU
		{B3400476-643D-4D8F-B46B-DB653218BA94}.Debug|Any CPU.Build.0 = Debug|Any CPU
		{B3400476-643D-4D8F-B46B-DB653218BA94}.Release|Any CPU.ActiveCfg = Release|Any CPU
		{B3400476-643D-4D8F-B46B-DB653218BA94}.Release|Any CPU.Build.0 = Release|Any CPU
		{A30AB88C-7831-4BF0-825E-C703AC1F7D84}.Debug|Any CPU.ActiveCfg = Debug|Any CPU
		{A30AB88C-7831-4BF0-825E-C703AC1F7D84}.Debug|Any CPU.Build.0 = Debug|Any CPU
		{A30AB88C-7831-4BF0-825E-C703AC1F7D84}.Release|Any CPU.ActiveCfg = Release|Any CPU
		{A30AB88C-7831-4BF0-825E-C703AC1F7D84}.Release|Any CPU.Build.0 = Release|Any CPU
		{A6063123-7216-4793-B038-83F2D6878140}.Debug|Any CPU.ActiveCfg = Debug|Any CPU
		{A6063123-7216-4793-B038-83F2D6878140}.Debug|Any CPU.Build.0 = Debug|Any CPU
		{A6063123-7216-4793-B038-83F2D6878140}.Release|Any CPU.ActiveCfg = Release|Any CPU
		{A6063123-7216-4793-B038-83F2D6878140}.Release|Any CPU.Build.0 = Release|Any CPU
		{8E9EB3C0-96A0-4292-9BED-C9A064A1EA69}.Debug|Any CPU.ActiveCfg = Debug|Any CPU
		{8E9EB3C0-96A0-4292-9BED-C9A064A1EA69}.Debug|Any CPU.Build.0 = Debug|Any CPU
		{8E9EB3C0-96A0-4292-9BED-C9A064A1EA69}.Release|Any CPU.ActiveCfg = Release|Any CPU
		{8E9EB3C0-96A0-4292-9BED-C9A064A1EA69}.Release|Any CPU.Build.0 = Release|Any CPU
		{BCCBCDC5-600F-49E2-A0BB-773ADCD9412D}.Debug|Any CPU.ActiveCfg = Debug|Any CPU
		{BCCBCDC5-600F-49E2-A0BB-773ADCD9412D}.Debug|Any CPU.Build.0 = Debug|Any CPU
		{BCCBCDC5-600F-49E2-A0BB-773ADCD9412D}.Release|Any CPU.ActiveCfg = Release|Any CPU
		{BCCBCDC5-600F-49E2-A0BB-773ADCD9412D}.Release|Any CPU.Build.0 = Release|Any CPU
		{D33F50A7-E209-48BA-B2BD-54ED47A55935}.Debug|Any CPU.ActiveCfg = Debug|Any CPU
		{D33F50A7-E209-48BA-B2BD-54ED47A55935}.Debug|Any CPU.Build.0 = Debug|Any CPU
		{D33F50A7-E209-48BA-B2BD-54ED47A55935}.Release|Any CPU.ActiveCfg = Release|Any CPU
		{D33F50A7-E209-48BA-B2BD-54ED47A55935}.Release|Any CPU.Build.0 = Release|Any CPU
		{7DDBC5B1-C0FA-44AF-8D5E-E6C658253D6C}.Debug|Any CPU.ActiveCfg = Debug|Any CPU
		{7DDBC5B1-C0FA-44AF-8D5E-E6C658253D6C}.Debug|Any CPU.Build.0 = Debug|Any CPU
		{7DDBC5B1-C0FA-44AF-8D5E-E6C658253D6C}.Release|Any CPU.ActiveCfg = Release|Any CPU
		{7DDBC5B1-C0FA-44AF-8D5E-E6C658253D6C}.Release|Any CPU.Build.0 = Release|Any CPU
		{BCA28A9E-00F5-47DD-8C20-0FD749067D4C}.Debug|Any CPU.ActiveCfg = Debug|Any CPU
		{BCA28A9E-00F5-47DD-8C20-0FD749067D4C}.Debug|Any CPU.Build.0 = Debug|Any CPU
		{BCA28A9E-00F5-47DD-8C20-0FD749067D4C}.Release|Any CPU.ActiveCfg = Release|Any CPU
		{BCA28A9E-00F5-47DD-8C20-0FD749067D4C}.Release|Any CPU.Build.0 = Release|Any CPU
		{107A6954-EC16-41C6-8107-98A58E56FD77}.Debug|Any CPU.ActiveCfg = Debug|Any CPU
		{107A6954-EC16-41C6-8107-98A58E56FD77}.Debug|Any CPU.Build.0 = Debug|Any CPU
		{107A6954-EC16-41C6-8107-98A58E56FD77}.Release|Any CPU.ActiveCfg = Release|Any CPU
		{107A6954-EC16-41C6-8107-98A58E56FD77}.Release|Any CPU.Build.0 = Release|Any CPU
		{7DE9B9A5-9A6B-4F8E-BBB3-33E5BF0072F3}.Debug|Any CPU.ActiveCfg = Debug|Any CPU
		{7DE9B9A5-9A6B-4F8E-BBB3-33E5BF0072F3}.Debug|Any CPU.Build.0 = Debug|Any CPU
		{7DE9B9A5-9A6B-4F8E-BBB3-33E5BF0072F3}.Release|Any CPU.ActiveCfg = Release|Any CPU
		{7DE9B9A5-9A6B-4F8E-BBB3-33E5BF0072F3}.Release|Any CPU.Build.0 = Release|Any CPU
		{832620CF-CD90-43EC-9635-3718F276DC35}.Debug|Any CPU.ActiveCfg = Debug|Any CPU
		{832620CF-CD90-43EC-9635-3718F276DC35}.Debug|Any CPU.Build.0 = Debug|Any CPU
		{832620CF-CD90-43EC-9635-3718F276DC35}.Release|Any CPU.ActiveCfg = Release|Any CPU
		{832620CF-CD90-43EC-9635-3718F276DC35}.Release|Any CPU.Build.0 = Release|Any CPU
		{A664F459-EE8D-480D-85BC-9A4C51EBA362}.Debug|Any CPU.ActiveCfg = Debug|Any CPU
		{A664F459-EE8D-480D-85BC-9A4C51EBA362}.Debug|Any CPU.Build.0 = Debug|Any CPU
		{A664F459-EE8D-480D-85BC-9A4C51EBA362}.Release|Any CPU.ActiveCfg = Release|Any CPU
		{A664F459-EE8D-480D-85BC-9A4C51EBA362}.Release|Any CPU.Build.0 = Release|Any CPU
		{15F947F8-A0CA-4E92-9180-4FE2F74DA3C9}.Debug|Any CPU.ActiveCfg = Debug|Any CPU
		{15F947F8-A0CA-4E92-9180-4FE2F74DA3C9}.Debug|Any CPU.Build.0 = Debug|Any CPU
		{15F947F8-A0CA-4E92-9180-4FE2F74DA3C9}.Release|Any CPU.ActiveCfg = Release|Any CPU
		{15F947F8-A0CA-4E92-9180-4FE2F74DA3C9}.Release|Any CPU.Build.0 = Release|Any CPU
		{B779C26B-6813-4EF8-91C6-60877FAFFB53}.Debug|Any CPU.ActiveCfg = Debug|Any CPU
		{B779C26B-6813-4EF8-91C6-60877FAFFB53}.Debug|Any CPU.Build.0 = Debug|Any CPU
		{B779C26B-6813-4EF8-91C6-60877FAFFB53}.Release|Any CPU.ActiveCfg = Release|Any CPU
		{B779C26B-6813-4EF8-91C6-60877FAFFB53}.Release|Any CPU.Build.0 = Release|Any CPU
		{A28B3F07-B431-4406-8DB4-E8AD550CBEF4}.Debug|Any CPU.ActiveCfg = Debug|Any CPU
		{A28B3F07-B431-4406-8DB4-E8AD550CBEF4}.Debug|Any CPU.Build.0 = Debug|Any CPU
		{A28B3F07-B431-4406-8DB4-E8AD550CBEF4}.Release|Any CPU.ActiveCfg = Release|Any CPU
		{A28B3F07-B431-4406-8DB4-E8AD550CBEF4}.Release|Any CPU.Build.0 = Release|Any CPU
		{4A9F37EC-E9E5-499F-929E-1162B14B8E3B}.Debug|Any CPU.ActiveCfg = Debug|Any CPU
		{4A9F37EC-E9E5-499F-929E-1162B14B8E3B}.Debug|Any CPU.Build.0 = Debug|Any CPU
		{4A9F37EC-E9E5-499F-929E-1162B14B8E3B}.Release|Any CPU.ActiveCfg = Release|Any CPU
		{4A9F37EC-E9E5-499F-929E-1162B14B8E3B}.Release|Any CPU.Build.0 = Release|Any CPU
		{D2B87D30-572C-426F-BA90-8E1D947F4451}.Debug|Any CPU.ActiveCfg = Debug|Any CPU
		{D2B87D30-572C-426F-BA90-8E1D947F4451}.Debug|Any CPU.Build.0 = Debug|Any CPU
		{D2B87D30-572C-426F-BA90-8E1D947F4451}.Release|Any CPU.ActiveCfg = Release|Any CPU
		{D2B87D30-572C-426F-BA90-8E1D947F4451}.Release|Any CPU.Build.0 = Release|Any CPU
		{16830A5F-1F23-480F-95FE-ECEAC9118AF9}.Debug|Any CPU.ActiveCfg = Debug|Any CPU
		{16830A5F-1F23-480F-95FE-ECEAC9118AF9}.Debug|Any CPU.Build.0 = Debug|Any CPU
		{16830A5F-1F23-480F-95FE-ECEAC9118AF9}.Release|Any CPU.ActiveCfg = Release|Any CPU
		{16830A5F-1F23-480F-95FE-ECEAC9118AF9}.Release|Any CPU.Build.0 = Release|Any CPU
		{B0586123-AEBA-4027-BBD9-102E302D5DB6}.Debug|Any CPU.ActiveCfg = Debug|Any CPU
		{B0586123-AEBA-4027-BBD9-102E302D5DB6}.Debug|Any CPU.Build.0 = Debug|Any CPU
		{B0586123-AEBA-4027-BBD9-102E302D5DB6}.Release|Any CPU.ActiveCfg = Release|Any CPU
		{B0586123-AEBA-4027-BBD9-102E302D5DB6}.Release|Any CPU.Build.0 = Release|Any CPU
		{E396EBBB-BC74-4274-A81F-E397DC39ADD4}.Debug|Any CPU.ActiveCfg = Debug|Any CPU
		{E396EBBB-BC74-4274-A81F-E397DC39ADD4}.Debug|Any CPU.Build.0 = Debug|Any CPU
		{E396EBBB-BC74-4274-A81F-E397DC39ADD4}.Release|Any CPU.ActiveCfg = Release|Any CPU
		{E396EBBB-BC74-4274-A81F-E397DC39ADD4}.Release|Any CPU.Build.0 = Release|Any CPU
		{C3C9D966-6935-4C3A-B536-9CA479EFF4D2}.Debug|Any CPU.ActiveCfg = Debug|Any CPU
		{C3C9D966-6935-4C3A-B536-9CA479EFF4D2}.Debug|Any CPU.Build.0 = Debug|Any CPU
		{C3C9D966-6935-4C3A-B536-9CA479EFF4D2}.Release|Any CPU.ActiveCfg = Release|Any CPU
		{C3C9D966-6935-4C3A-B536-9CA479EFF4D2}.Release|Any CPU.Build.0 = Release|Any CPU
	EndGlobalSection
	GlobalSection(SolutionProperties) = preSolution
		HideSolutionNode = FALSE
	EndGlobalSection
	GlobalSection(NestedProjects) = preSolution
		{91C0B84C-5AB0-4D61-A079-97E9B8E947FB} = {A12738BA-29B6-490A-8691-0D9AE0C163E7}
		{0AC9E857-CBD3-41A8-9A92-067C5F77453C} = {A12738BA-29B6-490A-8691-0D9AE0C163E7}
		{C9D7DFA7-A8E3-429C-9359-4FF00D6E55FF} = {A12738BA-29B6-490A-8691-0D9AE0C163E7}
		{F2F102F1-9754-4F6B-9325-6E7A468A0CBA} = {A12738BA-29B6-490A-8691-0D9AE0C163E7}
		{1990480F-A681-4F7B-A825-4F1D11762172} = {A12738BA-29B6-490A-8691-0D9AE0C163E7}
		{E3661B3A-B901-41F7-9321-03FDAB4BBDDB} = {A12738BA-29B6-490A-8691-0D9AE0C163E7}
		{26E6357D-31F4-43D0-855B-703BE38D5CEE} = {A12738BA-29B6-490A-8691-0D9AE0C163E7}
		{1256E9D5-10F8-4B26-A47B-AE8C8F51CB7A} = {A12738BA-29B6-490A-8691-0D9AE0C163E7}
		{8408979B-0091-4FB9-8EED-9E1A715EFC3F} = {A12738BA-29B6-490A-8691-0D9AE0C163E7}
		{DD7A927C-0A46-4DDA-8EFE-F94566B01514} = {A12738BA-29B6-490A-8691-0D9AE0C163E7}
		{B3400476-643D-4D8F-B46B-DB653218BA94} = {A12738BA-29B6-490A-8691-0D9AE0C163E7}
		{A30AB88C-7831-4BF0-825E-C703AC1F7D84} = {A12738BA-29B6-490A-8691-0D9AE0C163E7}
		{A6063123-7216-4793-B038-83F2D6878140} = {A12738BA-29B6-490A-8691-0D9AE0C163E7}
		{8E9EB3C0-96A0-4292-9BED-C9A064A1EA69} = {A12738BA-29B6-490A-8691-0D9AE0C163E7}
		{BCCBCDC5-600F-49E2-A0BB-773ADCD9412D} = {A12738BA-29B6-490A-8691-0D9AE0C163E7}
		{D33F50A7-E209-48BA-B2BD-54ED47A55935} = {A12738BA-29B6-490A-8691-0D9AE0C163E7}
		{7DDBC5B1-C0FA-44AF-8D5E-E6C658253D6C} = {A12738BA-29B6-490A-8691-0D9AE0C163E7}
		{BCA28A9E-00F5-47DD-8C20-0FD749067D4C} = {A12738BA-29B6-490A-8691-0D9AE0C163E7}
		{107A6954-EC16-41C6-8107-98A58E56FD77} = {A12738BA-29B6-490A-8691-0D9AE0C163E7}
		{7DE9B9A5-9A6B-4F8E-BBB3-33E5BF0072F3} = {E8EE60DE-EF83-4375-A33E-059A7BCD7796}
		{832620CF-CD90-43EC-9635-3718F276DC35} = {A12738BA-29B6-490A-8691-0D9AE0C163E7}
		{A664F459-EE8D-480D-85BC-9A4C51EBA362} = {A12738BA-29B6-490A-8691-0D9AE0C163E7}
		{15F947F8-A0CA-4E92-9180-4FE2F74DA3C9} = {A12738BA-29B6-490A-8691-0D9AE0C163E7}
		{B779C26B-6813-4EF8-91C6-60877FAFFB53} = {A12738BA-29B6-490A-8691-0D9AE0C163E7}
		{A28B3F07-B431-4406-8DB4-E8AD550CBEF4} = {A12738BA-29B6-490A-8691-0D9AE0C163E7}
		{4A9F37EC-E9E5-499F-929E-1162B14B8E3B} = {A12738BA-29B6-490A-8691-0D9AE0C163E7}
		{D2B87D30-572C-426F-BA90-8E1D947F4451} = {A12738BA-29B6-490A-8691-0D9AE0C163E7}
		{16830A5F-1F23-480F-95FE-ECEAC9118AF9} = {A12738BA-29B6-490A-8691-0D9AE0C163E7}
		{B0586123-AEBA-4027-BBD9-102E302D5DB6} = {A12738BA-29B6-490A-8691-0D9AE0C163E7}
		{E396EBBB-BC74-4274-A81F-E397DC39ADD4} = {A12738BA-29B6-490A-8691-0D9AE0C163E7}
		{C3C9D966-6935-4C3A-B536-9CA479EFF4D2} = {A12738BA-29B6-490A-8691-0D9AE0C163E7}
		{E8EE60DE-EF83-4375-A33E-059A7BCD7796} = {60D738F0-705D-4AF7-B54C-CBF6C11A25A1}
		{A12738BA-29B6-490A-8691-0D9AE0C163E7} = {60D738F0-705D-4AF7-B54C-CBF6C11A25A1}
	EndGlobalSection
	GlobalSection(ExtensibilityGlobals) = postSolution
		SolutionGuid = {60DA8D9F-432B-48BB-8226-3B218072B07C}
	EndGlobalSection
EndGlobal
